
Microsoft Visual Studio Solution File, Format Version 12.00
# Visual Studio Version 16
VisualStudioVersion = 16.0.29613.14
MinimumVisualStudioVersion = 10.0.40219.1
Project("{FAE04EC0-301F-11D3-BF4B-00C04F79EFBC}") = "jos-sdk-net", "jos-sdk-net.csproj", "{CF7757D6-4F03-4BCA-948D-D1E0B81B491C}"
EndProject
Global
	GlobalSection(SolutionConfigurationPlatforms) = preSolution
		Debug|Any CPU = Debug|Any CPU
		Release|Any CPU = Release|Any CPU
	EndGlobalSection
	GlobalSection(ProjectConfigurationPlatforms) = postSolution
		{CF7757D6-4F03-4BCA-948D-D1E0B81B491C}.Debug|Any CPU.ActiveCfg = Debug|Any CPU
		{CF7757D6-4F03-4BCA-948D-D1E0B81B491C}.Debug|Any CPU.Build.0 = Debug|Any CPU
		{CF7757D6-4F03-4BCA-948D-D1E0B81B491C}.Release|Any CPU.ActiveCfg = Release|Any CPU
		{CF7757D6-4F03-4BCA-948D-D1E0B81B491C}.Release|Any CPU.Build.0 = Release|Any CPU
	EndGlobalSection
	GlobalSection(SolutionProperties) = preSolution
		HideSolutionNode = FALSE
	EndGlobalSection
	GlobalSection(ExtensibilityGlobals) = postSolution
		SolutionGuid = {CFFBAE4C-1879-4462-8BE1-A113EF7335AD}
	EndGlobalSection
EndGlobal
